Microsoft Visual Studio Solution File, Format Version 12.00
# Visual Studio Version 17
VisualStudioVersion = 17.5.2.0
MinimumVisualStudioVersion = 10.0.40219.1
Project("{FAE04EC0-301F-11D3-BF4B-00C04F79EFBC}") = "ReportingSystem", "ReportingSystem\ReportingSystem.csproj", "{B3EAE00F-16D2-50E1-B503-E2469C2F0A98}"
EndProject
Global
	GlobalSection(SolutionConfigurationPlatforms) = preSolution
		Debug|Any CPU = Debug|Any CPU
		Release|Any CPU = Release|Any CPU
	EndGlobalSection
	GlobalSection(ProjectConfigurationPlatforms) = postSolution
		{B3EAE00F-16D2-50E1-B503-E2469C2F0A98}.Debug|Any CPU.ActiveCfg = Debug|Any CPU
		{B3EAE00F-16D2-50E1-B503-E2469C2F0A98}.Debug|Any CPU.Build.0 = Debug|Any CPU
		{B3EAE00F-16D2-50E1-B503-E2469C2F0A98}.Release|Any CPU.ActiveCfg = Release|Any CPU
		{B3EAE00F-16D2-50E1-B503-E2469C2F0A98}.Release|Any CPU.Build.0 = Release|Any CPU
	EndGlobalSection
	GlobalSection(SolutionProperties) = preSolution
		HideSolutionNode = FALSE
	EndGlobalSection
	GlobalSection(ExtensibilityGlobals) = postSolution
		SolutionGuid = {E32E39FC-09F7-41FE-A7FC-6C36B6EF2E9B}
	EndGlobalSection
EndGlobal
